// !$*UTF8*$!
{
	archiveVersion = 1;
	classes = {
	};
	objectVersion = 51;
	objects = {

/* Begin PBXBuildFile section */
		5EC09613D4909AF8C560E14E /* Pods_SimpleApp.framework in Frameworks */ = {isa = PBXBuildFile; fileRef = C1EB846AD751E30BB7D45316 /* Pods_SimpleApp.framework */; };
		8445109B258140B8009ECD1D /* SimpleApp.xcdatamodeld in Sources */ = {isa = PBXBuildFile; fileRef = 84DBA73D2580B0A00022A000 /* SimpleApp.xcdatamodeld */; };
		8445109C258140B9009ECD1D /* SimpleApp.xcdatamodeld in Sources */ = {isa = PBXBuildFile; fileRef = 84DBA73D2580B0A00022A000 /* SimpleApp.xcdatamodeld */; };
		844510B8258144E8009ECD1D /* RecentSearches+CoreDataProperties.swift in Sources */ = {isa = PBXBuildFile; fileRef = 844510B6258144E8009ECD1D /* RecentSearches+CoreDataProperties.swift */; };
		844510B9258144E8009ECD1D /* RecentSearches+CoreDataProperties.swift in Sources */ = {isa = PBXBuildFile; fileRef = 844510B6258144E8009ECD1D /* RecentSearches+CoreDataProperties.swift */; };
		844510BA258144E8009ECD1D /* RecentSearches+CoreDataProperties.swift in Sources */ = {isa = PBXBuildFile; fileRef = 844510B6258144E8009ECD1D /* RecentSearches+CoreDataProperties.swift */; };
		844510BB258144E8009ECD1D /* RecentSearches+CoreDataClass.swift in Sources */ = {isa = PBXBuildFile; fileRef = 844510B7258144E8009ECD1D /* RecentSearches+CoreDataClass.swift */; };
		844510BC258144E8009ECD1D /* RecentSearches+CoreDataClass.swift in Sources */ = {isa = PBXBuildFile; fileRef = 844510B7258144E8009ECD1D /* RecentSearches+CoreDataClass.swift */; };
		844510BD258144E8009ECD1D /* RecentSearches+CoreDataClass.swift in Sources */ = {isa = PBXBuildFile; fileRef = 844510B7258144E8009ECD1D /* RecentSearches+CoreDataClass.swift */; };
		844510BF2581570C009ECD1D /* WeatherTableCell.swift in Sources */ = {isa = PBXBuildFile; fileRef = 844510BE2581570C009ECD1D /* WeatherTableCell.swift */; };
		844510C02581570C009ECD1D /* WeatherTableCell.swift in Sources */ = {isa = PBXBuildFile; fileRef = 844510BE2581570C009ECD1D /* WeatherTableCell.swift */; };
		844510C12581570C009ECD1D /* WeatherTableCell.swift in Sources */ = {isa = PBXBuildFile; fileRef = 844510BE2581570C009ECD1D /* WeatherTableCell.swift */; };
		844510C325815720009ECD1D /* WeatherTableCell.xib in Resources */ = {isa = PBXBuildFile; fileRef = 844510C225815720009ECD1D /* WeatherTableCell.xib */; };
		844510C425815720009ECD1D /* WeatherTableCell.xib in Resources */ = {isa = PBXBuildFile; fileRef = 844510C225815720009ECD1D /* WeatherTableCell.xib */; };
		844510C525815720009ECD1D /* WeatherTableCell.xib in Resources */ = {isa = PBXBuildFile; fileRef = 844510C225815720009ECD1D /* WeatherTableCell.xib */; };
		844510C725817895009ECD1D /* UIImageView+Extensions.swift in Sources */ = {isa = PBXBuildFile; fileRef = 844510C625817895009ECD1D /* UIImageView+Extensions.swift */; };
		844510C825817895009ECD1D /* UIImageView+Extensions.swift in Sources */ = {isa = PBXBuildFile; fileRef = 844510C625817895009ECD1D /* UIImageView+Extensions.swift */; };
		844510C925817895009ECD1D /* UIImageView+Extensions.swift in Sources */ = {isa = PBXBuildFile; fileRef = 844510C625817895009ECD1D /* UIImageView+Extensions.swift */; };
		84B6A84C2582AE1E0047C8B0 /* QueryManager.swift in Sources */ = {isa = PBXBuildFile; fileRef = 84B6A84B2582AE1E0047C8B0 /* QueryManager.swift */; };
		84B6A84D2582AE1E0047C8B0 /* QueryManager.swift in Sources */ = {isa = PBXBuildFile; fileRef = 84B6A84B2582AE1E0047C8B0 /* QueryManager.swift */; };
		84B6A84E2582AE1E0047C8B0 /* QueryManager.swift in Sources */ = {isa = PBXBuildFile; fileRef = 84B6A84B2582AE1E0047C8B0 /* QueryManager.swift */; };
		84B6A8502582AF750047C8B0 /* OfflineLocations.swift in Sources */ = {isa = PBXBuildFile; fileRef = 84B6A84F2582AF750047C8B0 /* OfflineLocations.swift */; };
		84B6A8512582AF750047C8B0 /* OfflineLocations.swift in Sources */ = {isa = PBXBuildFile; fileRef = 84B6A84F2582AF750047C8B0 /* OfflineLocations.swift */; };
		84B6A8522582AF750047C8B0 /* OfflineLocations.swift in Sources */ = {isa = PBXBuildFile; fileRef = 84B6A84F2582AF750047C8B0 /* OfflineLocations.swift */; };
		84B6A8542582AFB80047C8B0 /* OfflineLocationProperties.swift in Sources */ = {isa = PBXBuildFile; fileRef = 84B6A8532582AFB80047C8B0 /* OfflineLocationProperties.swift */; };
		84B6A8552582AFB80047C8B0 /* OfflineLocationProperties.swift in Sources */ = {isa = PBXBuildFile; fileRef = 84B6A8532582AFB80047C8B0 /* OfflineLocationProperties.swift */; };
		84B6A8562582AFB80047C8B0 /* OfflineLocationProperties.swift in Sources */ = {isa = PBXBuildFile; fileRef = 84B6A8532582AFB80047C8B0 /* OfflineLocationProperties.swift */; };
		84B6A858258376E50047C8B0 /* StorageManager.swift in Sources */ = {isa = PBXBuildFile; fileRef = 84B6A857258376E50047C8B0 /* StorageManager.swift */; };
		84B6A859258376E50047C8B0 /* StorageManager.swift in Sources */ = {isa = PBXBuildFile; fileRef = 84B6A857258376E50047C8B0 /* StorageManager.swift */; };
		84B6A85A258376E50047C8B0 /* StorageManager.swift in Sources */ = {isa = PBXBuildFile; fileRef = 84B6A857258376E50047C8B0 /* StorageManager.swift */; };
		84B6A85C2583EE2F0047C8B0 /* MenuViewController.swift in Sources */ = {isa = PBXBuildFile; fileRef = 84B6A85B2583EE2F0047C8B0 /* MenuViewController.swift */; };
		84B6A85D2583EE2F0047C8B0 /* MenuViewController.swift in Sources */ = {isa = PBXBuildFile; fileRef = 84B6A85B2583EE2F0047C8B0 /* MenuViewController.swift */; };
		84B6A85E2583EE2F0047C8B0 /* MenuViewController.swift in Sources */ = {isa = PBXBuildFile; fileRef = 84B6A85B2583EE2F0047C8B0 /* MenuViewController.swift */; };
		84B81DA2258202F600E4D16B /* PermissionManager.swift in Sources */ = {isa = PBXBuildFile; fileRef = 84B81DA1258202F600E4D16B /* PermissionManager.swift */; };
		84B81DA3258202F600E4D16B /* PermissionManager.swift in Sources */ = {isa = PBXBuildFile; fileRef = 84B81DA1258202F600E4D16B /* PermissionManager.swift */; };
		84B81DA4258202F600E4D16B /* PermissionManager.swift in Sources */ = {isa = PBXBuildFile; fileRef = 84B81DA1258202F600E4D16B /* PermissionManager.swift */; };
		84C9EC5C258111E50015005C /* Database.swift in Sources */ = {isa = PBXBuildFile; fileRef = 84C9EC5B258111E50015005C /* Database.swift */; };
		84C9EC5D258111E50015005C /* Database.swift in Sources */ = {isa = PBXBuildFile; fileRef = 84C9EC5B258111E50015005C /* Database.swift */; };
		84C9EC5E258111E50015005C /* Database.swift in Sources */ = {isa = PBXBuildFile; fileRef = 84C9EC5B258111E50015005C /* Database.swift */; };
		84C9EC6125811EC60015005C /* NetworkManager.swift in Sources */ = {isa = PBXBuildFile; fileRef = 84C9EC6025811EC60015005C /* NetworkManager.swift */; };
		84C9EC6225811EC60015005C /* NetworkManager.swift in Sources */ = {isa = PBXBuildFile; fileRef = 84C9EC6025811EC60015005C /* NetworkManager.swift */; };
		84C9EC6325811EC60015005C /* NetworkManager.swift in Sources */ = {isa = PBXBuildFile; fileRef = 84C9EC6025811EC60015005C /* NetworkManager.swift */; };
		84C9EC65258121E50015005C /* SessionManager.swift in Sources */ = {isa = PBXBuildFile; fileRef = 84C9EC64258121E50015005C /* SessionManager.swift */; };
		84C9EC66258121E50015005C /* SessionManager.swift in Sources */ = {isa = PBXBuildFile; fileRef = 84C9EC64258121E50015005C /* SessionManager.swift */; };
		84C9EC67258121E50015005C /* SessionManager.swift in Sources */ = {isa = PBXBuildFile; fileRef = 84C9EC64258121E50015005C /* SessionManager.swift */; };
		84C9EC69258122CC0015005C /* Data+Extensions.swift in Sources */ = {isa = PBXBuildFile; fileRef = 84C9EC68258122CC0015005C /* Data+Extensions.swift */; };
		84C9EC6A258122CC0015005C /* Data+Extensions.swift in Sources */ = {isa = PBXBuildFile; fileRef = 84C9EC68258122CC0015005C /* Data+Extensions.swift */; };
		84C9EC6B258122CC0015005C /* Data+Extensions.swift in Sources */ = {isa = PBXBuildFile; fileRef = 84C9EC68258122CC0015005C /* Data+Extensions.swift */; };
		84C9EC6D258129350015005C /* Common.swift in Sources */ = {isa = PBXBuildFile; fileRef = 84C9EC6C258129350015005C /* Common.swift */; };
		84C9EC6E258129350015005C /* Common.swift in Sources */ = {isa = PBXBuildFile; fileRef = 84C9EC6C258129350015005C /* Common.swift */; };
		84C9EC6F258129350015005C /* Common.swift in Sources */ = {isa = PBXBuildFile; fileRef = 84C9EC6C258129350015005C /* Common.swift */; };
		84C9EC7125812EF60015005C /* ReachabilityManager.swift in Sources */ = {isa = PBXBuildFile; fileRef = 84C9EC7025812EF60015005C /* ReachabilityManager.swift */; };
		84C9EC7225812EF60015005C /* ReachabilityManager.swift in Sources */ = {isa = PBXBuildFile; fileRef = 84C9EC7025812EF60015005C /* ReachabilityManager.swift */; };
		84C9EC7325812EF60015005C /* ReachabilityManager.swift in Sources */ = {isa = PBXBuildFile; fileRef = 84C9EC7025812EF60015005C /* ReachabilityManager.swift */; };
		84C9EC7625812F3B0015005C /* Notifier.swift in Sources */ = {isa = PBXBuildFile; fileRef = 84C9EC7525812F3B0015005C /* Notifier.swift */; };
		84C9EC7725812F3B0015005C /* Notifier.swift in Sources */ = {isa = PBXBuildFile; fileRef = 84C9EC7525812F3B0015005C /* Notifier.swift */; };
		84C9EC7825812F3B0015005C /* Notifier.swift in Sources */ = {isa = PBXBuildFile; fileRef = 84C9EC7525812F3B0015005C /* Notifier.swift */; };
		84C9EC7A25812F840015005C /* UIView+Extensions.swift in Sources */ = {isa = PBXBuildFile; fileRef = 84C9EC7925812F840015005C /* UIView+Extensions.swift */; };
		84C9EC7B25812F840015005C /* UIView+Extensions.swift in Sources */ = {isa = PBXBuildFile; fileRef = 84C9EC7925812F840015005C /* UIView+Extensions.swift */; };
		84C9EC7C25812F840015005C /* UIView+Extensions.swift in Sources */ = {isa = PBXBuildFile; fileRef = 84C9EC7925812F840015005C /* UIView+Extensions.swift */; };
		84C9EC7E25812F900015005C /* UIButton+Extensions.swift in Sources */ = {isa = PBXBuildFile; fileRef = 84C9EC7D25812F900015005C /* UIButton+Extensions.swift */; };
		84C9EC7F25812F900015005C /* UIButton+Extensions.swift in Sources */ = {isa = PBXBuildFile; fileRef = 84C9EC7D25812F900015005C /* UIButton+Extensions.swift */; };
		84C9EC8025812F900015005C /* UIButton+Extensions.swift in Sources */ = {isa = PBXBuildFile; fileRef = 84C9EC7D25812F900015005C /* UIButton+Extensions.swift */; };
		84DBA7372580B0A00022A000 /* AppDelegate.swift in Sources */ = {isa = PBXBuildFile; fileRef = 84DBA7362580B0A00022A000 /* AppDelegate.swift */; };
		84DBA73C2580B0A00022A000 /* Main.storyboard in Resources */ = {isa = PBXBuildFile; fileRef = 84DBA73A2580B0A00022A000 /* Main.storyboard */; };
		84DBA73F2580B0A00022A000 /* SimpleApp.xcdatamodeld in Sources */ = {isa = PBXBuildFile; fileRef = 84DBA73D2580B0A00022A000 /* SimpleApp.xcdatamodeld */; };
		84DBA7412580B0A30022A000 /* Assets.xcassets in Resources */ = {isa = PBXBuildFile; fileRef = 84DBA7402580B0A30022A000 /* Assets.xcassets */; };
		84DBA7442580B0A30022A000 /* LaunchScreen.storyboard in Resources */ = {isa = PBXBuildFile; fileRef = 84DBA7422580B0A30022A000 /* LaunchScreen.storyboard */; };
		84DBA74F2580B0A30022A000 /* SimpleAppTests.swift in Sources */ = {isa = PBXBuildFile; fileRef = 84DBA74E2580B0A30022A000 /* SimpleAppTests.swift */; };
		84DBA75A2580B0A30022A000 /* SimpleAppUITests.swift in Sources */ = {isa = PBXBuildFile; fileRef = 84DBA7592580B0A30022A000 /* SimpleAppUITests.swift */; };
		84DBA76F2580D7220022A000 /* HomeController.swift in Sources */ = {isa = PBXBuildFile; fileRef = 84DBA76E2580D7220022A000 /* HomeController.swift */; };
		84DBA7702580D7220022A000 /* HomeController.swift in Sources */ = {isa = PBXBuildFile; fileRef = 84DBA76E2580D7220022A000 /* HomeController.swift */; };
		84DBA7712580D7220022A000 /* HomeController.swift in Sources */ = {isa = PBXBuildFile; fileRef = 84DBA76E2580D7220022A000 /* HomeController.swift */; };
		84DBA7742580E0A60022A000 /* HomeController.xib in Resources */ = {isa = PBXBuildFile; fileRef = 84DBA7732580E0A60022A000 /* HomeController.xib */; };
		84DBA7752580E0A60022A000 /* HomeController.xib in Resources */ = {isa = PBXBuildFile; fileRef = 84DBA7732580E0A60022A000 /* HomeController.xib */; };
		84DBA7762580E0A60022A000 /* HomeController.xib in Resources */ = {isa = PBXBuildFile; fileRef = 84DBA7732580E0A60022A000 /* HomeController.xib */; };
		84DBA7792580E94C0022A000 /* UITableView+Extensions.swift in Sources */ = {isa = PBXBuildFile; fileRef = 84DBA7782580E94C0022A000 /* UITableView+Extensions.swift */; };
		84DBA77A2580E94C0022A000 /* UITableView+Extensions.swift in Sources */ = {isa = PBXBuildFile; fileRef = 84DBA7782580E94C0022A000 /* UITableView+Extensions.swift */; };
		84DBA77B2580E94C0022A000 /* UITableView+Extensions.swift in Sources */ = {isa = PBXBuildFile; fileRef = 84DBA7782580E94C0022A000 /* UITableView+Extensions.swift */; };
		84DBA77D2580E9CD0022A000 /* Constants.swift in Sources */ = {isa = PBXBuildFile; fileRef = 84DBA77C2580E9CD0022A000 /* Constants.swift */; };
		84DBA77E2580E9CD0022A000 /* Constants.swift in Sources */ = {isa = PBXBuildFile; fileRef = 84DBA77C2580E9CD0022A000 /* Constants.swift */; };
		84DBA77F2580E9CD0022A000 /* Constants.swift in Sources */ = {isa = PBXBuildFile; fileRef = 84DBA77C2580E9CD0022A000 /* Constants.swift */; };
		84DBA7822580EB710022A000 /* SimpleHeader.swift in Sources */ = {isa = PBXBuildFile; fileRef = 84DBA7812580EB710022A000 /* SimpleHeader.swift */; };
		84DBA7832580EB710022A000 /* SimpleHeader.swift in Sources */ = {isa = PBXBuildFile; fileRef = 84DBA7812580EB710022A000 /* SimpleHeader.swift */; };
		84DBA7842580EB710022A000 /* SimpleHeader.swift in Sources */ = {isa = PBXBuildFile; fileRef = 84DBA7812580EB710022A000 /* SimpleHeader.swift */; };
		84DBA7862580EB820022A000 /* SimpleHeader.xib in Resources */ = {isa = PBXBuildFile; fileRef = 84DBA7852580EB820022A000 /* SimpleHeader.xib */; };
		84DBA7872580EB820022A000 /* SimpleHeader.xib in Resources */ = {isa = PBXBuildFile; fileRef = 84DBA7852580EB820022A000 /* SimpleHeader.xib */; };
		84DBA7882580EB820022A000 /* SimpleHeader.xib in Resources */ = {isa = PBXBuildFile; fileRef = 84DBA7852580EB820022A000 /* SimpleHeader.xib */; };
		84DBA78A2580EBB50022A000 /* SimpleTableCell.xib in Resources */ = {isa = PBXBuildFile; fileRef = 84DBA7892580EBB50022A000 /* SimpleTableCell.xib */; };
		84DBA78B2580EBB50022A000 /* SimpleTableCell.xib in Resources */ = {isa = PBXBuildFile; fileRef = 84DBA7892580EBB50022A000 /* SimpleTableCell.xib */; };
		84DBA78C2580EBB50022A000 /* SimpleTableCell.xib in Resources */ = {isa = PBXBuildFile; fileRef = 84DBA7892580EBB50022A000 /* SimpleTableCell.xib */; };
		84DBA78E2580EBD30022A000 /* SimpleTableCell.swift in Sources */ = {isa = PBXBuildFile; fileRef = 84DBA78D2580EBD30022A000 /* SimpleTableCell.swift */; };
		84DBA78F2580EBD30022A000 /* SimpleTableCell.swift in Sources */ = {isa = PBXBuildFile; fileRef = 84DBA78D2580EBD30022A000 /* SimpleTableCell.swift */; };
		84DBA7902580EBD30022A000 /* SimpleTableCell.swift in Sources */ = {isa = PBXBuildFile; fileRef = 84DBA78D2580EBD30022A000 /* SimpleTableCell.swift */; };
		84DBA7922580EC990022A000 /* UILabel+Extension.swift in Sources */ = {isa = PBXBuildFile; fileRef = 84DBA7912580EC990022A000 /* UILabel+Extension.swift */; };
		84DBA7932580EC990022A000 /* UILabel+Extension.swift in Sources */ = {isa = PBXBuildFile; fileRef = 84DBA7912580EC990022A000 /* UILabel+Extension.swift */; };
		84DBA7942580EC990022A000 /* UILabel+Extension.swift in Sources */ = {isa = PBXBuildFile; fileRef = 84DBA7912580EC990022A000 /* UILabel+Extension.swift */; };
		84DBA7962580F0C80022A000 /* ContainerController.swift in Sources */ = {isa = PBXBuildFile; fileRef = 84DBA7952580F0C80022A000 /* ContainerController.swift */; };
		84DBA7972580F0C80022A000 /* ContainerController.swift in Sources */ = {isa = PBXBuildFile; fileRef = 84DBA7952580F0C80022A000 /* ContainerController.swift */; };
		84DBA7982580F0C80022A000 /* ContainerController.swift in Sources */ = {isa = PBXBuildFile; fileRef = 84DBA7952580F0C80022A000 /* ContainerController.swift */; };
		84DBA79A2580F13C0022A000 /* UIViewController+Extensions.swift in Sources */ = {isa = PBXBuildFile; fileRef = 84DBA7992580F13C0022A000 /* UIViewController+Extensions.swift */; };
		84DBA79B2580F13C0022A000 /* UIViewController+Extensions.swift in Sources */ = {isa = PBXBuildFile; fileRef = 84DBA7992580F13C0022A000 /* UIViewController+Extensions.swift */; };
		84DBA79C2580F13C0022A000 /* UIViewController+Extensions.swift in Sources */ = {isa = PBXBuildFile; fileRef = 84DBA7992580F13C0022A000 /* UIViewController+Extensions.swift */; };
		84DBA79E2580F44B0022A000 /* DetailViewController.xib in Resources */ = {isa = PBXBuildFile; fileRef = 84DBA79D2580F44B0022A000 /* DetailViewController.xib */; };
		84DBA79F2580F44B0022A000 /* DetailViewController.xib in Resources */ = {isa = PBXBuildFile; fileRef = 84DBA79D2580F44B0022A000 /* DetailViewController.xib */; };
		84DBA7A02580F44B0022A000 /* DetailViewController.xib in Resources */ = {isa = PBXBuildFile; fileRef = 84DBA79D2580F44B0022A000 /* DetailViewController.xib */; };
		84DBA7A22580F45B0022A000 /* DetailViewController.swift in Sources */ = {isa = PBXBuildFile; fileRef = 84DBA7A12580F45B0022A000 /* DetailViewController.swift */; };
		84DBA7A32580F45B0022A000 /* DetailViewController.swift in Sources */ = {isa = PBXBuildFile; fileRef = 84DBA7A12580F45B0022A000 /* DetailViewController.swift */; };
		84DBA7A42580F45B0022A000 /* DetailViewController.swift in Sources */ = {isa = PBXBuildFile; fileRef = 84DBA7A12580F45B0022A000 /* DetailViewController.swift */; };
		84DBA7A925810A9A0022A000 /* icomoon.ttf in Resources */ = {isa = PBXBuildFile; fileRef = 84DBA7A725810A990022A000 /* icomoon.ttf */; };
		84DBA7AA25810A9A0022A000 /* icomoon.ttf in Resources */ = {isa = PBXBuildFile; fileRef = 84DBA7A725810A990022A000 /* icomoon.ttf */; };
		84DBA7AB25810A9A0022A000 /* icomoon.ttf in Resources */ = {isa = PBXBuildFile; fileRef = 84DBA7A725810A990022A000 /* icomoon.ttf */; };
		84DBA7AC25810A9A0022A000 /* selection.json in Resources */ = {isa = PBXBuildFile; fileRef = 84DBA7A825810A9A0022A000 /* selection.json */; };
		84DBA7AD25810A9A0022A000 /* selection.json in Resources */ = {isa = PBXBuildFile; fileRef = 84DBA7A825810A9A0022A000 /* selection.json */; };
		84DBA7AE25810A9A0022A000 /* selection.json in Resources */ = {isa = PBXBuildFile; fileRef = 84DBA7A825810A9A0022A000 /* selection.json */; };
		84DBA7B025810C020022A000 /* Icomoon.swift in Sources */ = {isa = PBXBuildFile; fileRef = 84DBA7AF25810C020022A000 /* Icomoon.swift */; };
		84DBA7B125810C020022A000 /* Icomoon.swift in Sources */ = {isa = PBXBuildFile; fileRef = 84DBA7AF25810C020022A000 /* Icomoon.swift */; };
		84DBA7B225810C020022A000 /* Icomoon.swift in Sources */ = {isa = PBXBuildFile; fileRef = 84DBA7AF25810C020022A000 /* Icomoon.swift */; };
/* End PBXBuildFile section */

/* Begin PBXContainerItemProxy section */
		84DBA74B2580B0A30022A000 /* PBXContainerItemProxy */ = {
			isa = PBXContainerItemProxy;
			containerPortal = 84DBA72B2580B0A00022A000 /* Project object */;
			proxyType = 1;
			remoteGlobalIDString = 84DBA7322580B0A00022A000;
			remoteInfo = SimpleApp;
		};
		84DBA7562580B0A30022A000 /* PBXContainerItemProxy */ = {
			isa = PBXContainerItemProxy;
			containerPortal = 84DBA72B2580B0A00022A000 /* Project object */;
			proxyType = 1;
			remoteGlobalIDString = 84DBA7322580B0A00022A000;
			remoteInfo = SimpleApp;
		};
/* End PBXContainerItemProxy section */

/* Begin PBXFileReference section */
		0CB50935CE0AC92644FE63EF /* Pods-SimpleApp.release.xcconfig */ = {isa = PBXFileReference; includeInIndex = 1; lastKnownFileType = text.xcconfig; name = "Pods-SimpleApp.release.xcconfig"; path = "Target Support Files/Pods-SimpleApp/Pods-SimpleApp.release.xcconfig"; sourceTree = "<group>"; };
		48E03F2C9CA03362E6A5FF2B /* Pods-SimpleApp.debug.xcconfig */ = {isa = PBXFileReference; includeInIndex = 1; lastKnownFileType = text.xcconfig; name = "Pods-SimpleApp.debug.xcconfig"; path = "Target Support Files/Pods-SimpleApp/Pods-SimpleApp.debug.xcconfig"; sourceTree = "<group>"; };
		844510B6258144E8009ECD1D /* RecentSearches+CoreDataProperties.swift */ = {isa = PBXFileReference; fileEncoding = 4; lastKnownFileType = sourcecode.swift; path = "RecentSearches+CoreDataProperties.swift"; sourceTree = "<group>"; };
		844510B7258144E8009ECD1D /* RecentSearches+CoreDataClass.swift */ = {isa = PBXFileReference; fileEncoding = 4; lastKnownFileType = sourcecode.swift; path = "RecentSearches+CoreDataClass.swift"; sourceTree = "<group>"; };
		844510BE2581570C009ECD1D /* WeatherTableCell.swift */ = {isa = PBXFileReference; lastKnownFileType = sourcecode.swift; path = WeatherTableCell.swift; sourceTree = "<group>"; };
		844510C225815720009ECD1D /* WeatherTableCell.xib */ = {isa = PBXFileReference; lastKnownFileType = file.xib; path = WeatherTableCell.xib; sourceTree = "<group>"; };
		844510C625817895009ECD1D /* UIImageView+Extensions.swift */ = {isa = PBXFileReference; lastKnownFileType = sourcecode.swift; path = "UIImageView+Extensions.swift"; sourceTree = "<group>"; };
		84B6A84B2582AE1E0047C8B0 /* QueryManager.swift */ = {isa = PBXFileReference; lastKnownFileType = sourcecode.swift; path = QueryManager.swift; sourceTree = "<group>"; };
		84B6A84F2582AF750047C8B0 /* OfflineLocations.swift */ = {isa = PBXFileReference; lastKnownFileType = sourcecode.swift; path = OfflineLocations.swift; sourceTree = "<group>"; };
		84B6A8532582AFB80047C8B0 /* OfflineLocationProperties.swift */ = {isa = PBXFileReference; lastKnownFileType = sourcecode.swift; path = OfflineLocationProperties.swift; sourceTree = "<group>"; };
		84B6A857258376E50047C8B0 /* StorageManager.swift */ = {isa = PBXFileReference; lastKnownFileType = sourcecode.swift; path = StorageManager.swift; sourceTree = "<group>"; };
		84B6A85B2583EE2F0047C8B0 /* MenuViewController.swift */ = {isa = PBXFileReference; lastKnownFileType = sourcecode.swift; path = MenuViewController.swift; sourceTree = "<group>"; };
		84B81DA1258202F600E4D16B /* PermissionManager.swift */ = {isa = PBXFileReference; lastKnownFileType = sourcecode.swift; path = PermissionManager.swift; sourceTree = "<group>"; };
		84C9EC5B258111E50015005C /* Database.swift */ = {isa = PBXFileReference; lastKnownFileType = sourcecode.swift; path = Database.swift; sourceTree = "<group>"; };
		84C9EC6025811EC60015005C /* NetworkManager.swift */ = {isa = PBXFileReference; lastKnownFileType = sourcecode.swift; path = NetworkManager.swift; sourceTree = "<group>"; };
		84C9EC64258121E50015005C /* SessionManager.swift */ = {isa = PBXFileReference; lastKnownFileType = sourcecode.swift; path = SessionManager.swift; sourceTree = "<group>"; };
		84C9EC68258122CC0015005C /* Data+Extensions.swift */ = {isa = PBXFileReference; lastKnownFileType = sourcecode.swift; path = "Data+Extensions.swift"; sourceTree = "<group>"; };
		84C9EC6C258129350015005C /* Common.swift */ = {isa = PBXFileReference; lastKnownFileType = sourcecode.swift; path = Common.swift; sourceTree = "<group>"; };
		84C9EC7025812EF60015005C /* ReachabilityManager.swift */ = {isa = PBXFileReference; lastKnownFileType = sourcecode.swift; path = ReachabilityManager.swift; sourceTree = "<group>"; };
		84C9EC7525812F3B0015005C /* Notifier.swift */ = {isa = PBXFileReference; lastKnownFileType = sourcecode.swift; path = Notifier.swift; sourceTree = "<group>"; };
		84C9EC7925812F840015005C /* UIView+Extensions.swift */ = {isa = PBXFileReference; lastKnownFileType = sourcecode.swift; path = "UIView+Extensions.swift"; sourceTree = "<group>"; };
		84C9EC7D25812F900015005C /* UIButton+Extensions.swift */ = {isa = PBXFileReference; lastKnownFileType = sourcecode.swift; path = "UIButton+Extensions.swift"; sourceTree = "<group>"; };
		84DBA7332580B0A00022A000 /* Buzz Weather.app */ = {isa = PBXFileReference; explicitFileType = wrapper.application; includeInIndex = 0; path = "Buzz Weather.app"; sourceTree = BUILT_PRODUCTS_DIR; };
		84DBA7362580B0A00022A000 /* AppDelegate.swift */ = {isa = PBXFileReference; lastKnownFileType = sourcecode.swift; path = AppDelegate.swift; sourceTree = "<group>"; };
		84DBA73B2580B0A00022A000 /* Base */ = {isa = PBXFileReference; lastKnownFileType = file.storyboard; name = Base; path = Base.lproj/Main.storyboard; sourceTree = "<group>"; };
		84DBA73E2580B0A00022A000 /* SimpleApp.xcdatamodel */ = {isa = PBXFileReference; lastKnownFileType = wrapper.xcdatamodel; path = SimpleApp.xcdatamodel; sourceTree = "<group>"; };
		84DBA7402580B0A30022A000 /* Assets.xcassets */ = {isa = PBXFileReference; lastKnownFileType = folder.assetcatalog; path = Assets.xcassets; sourceTree = "<group>"; };
		84DBA7432580B0A30022A000 /* Base */ = {isa = PBXFileReference; lastKnownFileType = file.storyboard; name = Base; path = Base.lproj/LaunchScreen.storyboard; sourceTree = "<group>"; };
		84DBA7452580B0A30022A000 /* Info.plist */ = {isa = PBXFileReference; lastKnownFileType = text.plist.xml; path = Info.plist; sourceTree = "<group>"; };
		84DBA74A2580B0A30022A000 /* SimpleAppTests.xctest */ = {isa = PBXFileReference; explicitFileType = wrapper.cfbundle; includeInIndex = 0; path = SimpleAppTests.xctest; sourceTree = BUILT_PRODUCTS_DIR; };
		84DBA74E2580B0A30022A000 /* SimpleAppTests.swift */ = {isa = PBXFileReference; lastKnownFileType = sourcecode.swift; path = SimpleAppTests.swift; sourceTree = "<group>"; };
		84DBA7502580B0A30022A000 /* Info.plist */ = {isa = PBXFileReference; lastKnownFileType = text.plist.xml; path = Info.plist; sourceTree = "<group>"; };
		84DBA7552580B0A30022A000 /* SimpleAppUITests.xctest */ = {isa = PBXFileReference; explicitFileType = wrapper.cfbundle; includeInIndex = 0; path = SimpleAppUITests.xctest; sourceTree = BUILT_PRODUCTS_DIR; };
		84DBA7592580B0A30022A000 /* SimpleAppUITests.swift */ = {isa = PBXFileReference; lastKnownFileType = sourcecode.swift; path = SimpleAppUITests.swift; sourceTree = "<group>"; };
		84DBA75B2580B0A30022A000 /* Info.plist */ = {isa = PBXFileReference; lastKnownFileType = text.plist.xml; path = Info.plist; sourceTree = "<group>"; };
		84DBA7682580D0BD0022A000 /* en */ = {isa = PBXFileReference; lastKnownFileType = text.plist.strings; name = en; path = en.lproj/LaunchScreen.strings; sourceTree = "<group>"; };
		84DBA76E2580D7220022A000 /* HomeController.swift */ = {isa = PBXFileReference; lastKnownFileType = sourcecode.swift; path = HomeController.swift; sourceTree = "<group>"; };
		84DBA7732580E0A60022A000 /* HomeController.xib */ = {isa = PBXFileReference; lastKnownFileType = file.xib; path = HomeController.xib; sourceTree = "<group>"; };
		84DBA7782580E94C0022A000 /* UITableView+Extensions.swift */ = {isa = PBXFileReference; lastKnownFileType = sourcecode.swift; path = "UITableView+Extensions.swift"; sourceTree = "<group>"; };
		84DBA77C2580E9CD0022A000 /* Constants.swift */ = {isa = PBXFileReference; lastKnownFileType = sourcecode.swift; path = Constants.swift; sourceTree = "<group>"; };
		84DBA7812580EB710022A000 /* SimpleHeader.swift */ = {isa = PBXFileReference; lastKnownFileType = sourcecode.swift; path = SimpleHeader.swift; sourceTree = "<group>"; };
		84DBA7852580EB820022A000 /* SimpleHeader.xib */ = {isa = PBXFileReference; lastKnownFileType = file.xib; path = SimpleHeader.xib; sourceTree = "<group>"; };
		84DBA7892580EBB50022A000 /* SimpleTableCell.xib */ = {isa = PBXFileReference; lastKnownFileType = file.xib; path = SimpleTableCell.xib; sourceTree = "<group>"; };
		84DBA78D2580EBD30022A000 /* SimpleTableCell.swift */ = {isa = PBXFileReference; lastKnownFileType = sourcecode.swift; path = SimpleTableCell.swift; sourceTree = "<group>"; };
		84DBA7912580EC990022A000 /* UILabel+Extension.swift */ = {isa = PBXFileReference; lastKnownFileType = sourcecode.swift; path = "UILabel+Extension.swift"; sourceTree = "<group>"; };
		84DBA7952580F0C80022A000 /* ContainerController.swift */ = {isa = PBXFileReference; lastKnownFileType = sourcecode.swift; path = ContainerController.swift; sourceTree = "<group>"; };
		84DBA7992580F13C0022A000 /* UIViewController+Extensions.swift */ = {isa = PBXFileReference; lastKnownFileType = sourcecode.swift; path = "UIViewController+Extensions.swift"; sourceTree = "<group>"; };
		84DBA79D2580F44B0022A000 /* DetailViewController.xib */ = {isa = PBXFileReference; lastKnownFileType = file.xib; path = DetailViewController.xib; sourceTree = "<group>"; };
		84DBA7A12580F45B0022A000 /* DetailViewController.swift */ = {isa = PBXFileReference; lastKnownFileType = sourcecode.swift; path = DetailViewController.swift; sourceTree = "<group>"; };
		84DBA7A725810A990022A000 /* icomoon.ttf */ = {isa = PBXFileReference; lastKnownFileType = file; path = icomoon.ttf; sourceTree = "<group>"; };
		84DBA7A825810A9A0022A000 /* selection.json */ = {isa = PBXFileReference; fileEncoding = 4; lastKnownFileType = text.json; path = selection.json; sourceTree = "<group>"; };
		84DBA7AF25810C020022A000 /* Icomoon.swift */ = {isa = PBXFileReference; lastKnownFileType = sourcecode.swift; path = Icomoon.swift; sourceTree = "<group>"; };
		C1EB846AD751E30BB7D45316 /* Pods_SimpleApp.framework */ = {isa = PBXFileReference; explicitFileType = wrapper.framework; includeInIndex = 0; path = Pods_SimpleApp.framework; sourceTree = BUILT_PRODUCTS_DIR; };
/* End PBXFileReference section */

/* Begin PBXFrameworksBuildPhase section */
		84DBA7302580B0A00022A000 /* Frameworks */ = {
			isa = PBXFrameworksBuildPhase;
			buildActionMask = 2147483647;
			files = (
				5EC09613D4909AF8C560E14E /* Pods_SimpleApp.framework in Frameworks */,
			);
			runOnlyForDeploymentPostprocessing = 0;
		};
		84DBA7472580B0A30022A000 /* Frameworks */ = {
			isa = PBXFrameworksBuildPhase;
			buildActionMask = 2147483647;
			files = (
			);
			runOnlyForDeploymentPostprocessing = 0;
		};
		84DBA7522580B0A30022A000 /* Frameworks */ = {
			isa = PBXFrameworksBuildPhase;
			buildActionMask = 2147483647;
			files = (
			);
			runOnlyForDeploymentPostprocessing = 0;
		};
/* End PBXFrameworksBuildPhase section */

/* Begin PBXGroup section */
		0E9EF49F8390BA46ED0DD928 /* Frameworks */ = {
			isa = PBXGroup;
			children = (
				C1EB846AD751E30BB7D45316 /* Pods_SimpleApp.framework */,
			);
			name = Frameworks;
			sourceTree = "<group>";
		};
		591B3C07BDBB3087E520F112 /* Pods */ = {
			isa = PBXGroup;
			children = (
				48E03F2C9CA03362E6A5FF2B /* Pods-SimpleApp.debug.xcconfig */,
				0CB50935CE0AC92644FE63EF /* Pods-SimpleApp.release.xcconfig */,
			);
			path = Pods;
			sourceTree = "<group>";
		};
		844510B5258144C6009ECD1D /* Models */ = {
			isa = PBXGroup;
			children = (
				844510B7258144E8009ECD1D /* RecentSearches+CoreDataClass.swift */,
				844510B6258144E8009ECD1D /* RecentSearches+CoreDataProperties.swift */,
			);
			path = Models;
			sourceTree = "<group>";
		};
		84C9EC5F25811EA50015005C /* NetworkManager */ = {
			isa = PBXGroup;
			children = (
				84C9EC6025811EC60015005C /* NetworkManager.swift */,
				84C9EC64258121E50015005C /* SessionManager.swift */,
				84C9EC7025812EF60015005C /* ReachabilityManager.swift */,
			);
			path = NetworkManager;
			sourceTree = "<group>";
		};
		84C9EC7425812F0A0015005C /* Notifier */ = {
			isa = PBXGroup;
			children = (
				84C9EC7525812F3B0015005C /* Notifier.swift */,
			);
			path = Notifier;
			sourceTree = "<group>";
		};
		84DBA72A2580B0A00022A000 = {
			isa = PBXGroup;
			children = (
				84DBA7352580B0A00022A000 /* SimpleApp */,
				84DBA74D2580B0A30022A000 /* SimpleAppTests */,
				84DBA7582580B0A30022A000 /* SimpleAppUITests */,
				84DBA7342580B0A00022A000 /* Products */,
				591B3C07BDBB3087E520F112 /* Pods */,
				0E9EF49F8390BA46ED0DD928 /* Frameworks */,
			);
			sourceTree = "<group>";
		};
		84DBA7342580B0A00022A000 /* Products */ = {
			isa = PBXGroup;
			children = (
				84DBA7332580B0A00022A000 /* Buzz Weather.app */,
				84DBA74A2580B0A30022A000 /* SimpleAppTests.xctest */,
				84DBA7552580B0A30022A000 /* SimpleAppUITests.xctest */,
			);
			name = Products;
			sourceTree = "<group>";
		};
		84DBA7352580B0A00022A000 /* SimpleApp */ = {
			isa = PBXGroup;
			children = (
				84DBA7362580B0A00022A000 /* AppDelegate.swift */,
				84DBA76D2580D6A30022A000 /* Controllers */,
				84DBA76C2580D6A10022A000 /* ViewModels */,
				84DBA7692580D6580022A000 /* Views */,
				84DBA76B2580D69E0022A000 /* Extensions */,
				84DBA76A2580D69B0022A000 /* Helpers */,
				84DBA7722580D80E0022A000 /* Model */,
				84C9EC5F25811EA50015005C /* NetworkManager */,
				84C9EC7425812F0A0015005C /* Notifier */,
				84DBA7A525810A260022A000 /* Resources */,
				84DBA73A2580B0A00022A000 /* Main.storyboard */,
				84DBA7402580B0A30022A000 /* Assets.xcassets */,
				84DBA7422580B0A30022A000 /* LaunchScreen.storyboard */,
				84DBA7452580B0A30022A000 /* Info.plist */,
				84DBA73D2580B0A00022A000 /* SimpleApp.xcdatamodeld */,
			);
			path = SimpleApp;
			sourceTree = "<group>";
		};
		84DBA74D2580B0A30022A000 /* SimpleAppTests */ = {
			isa = PBXGroup;
			children = (
				84DBA74E2580B0A30022A000 /* SimpleAppTests.swift */,
				84DBA7502580B0A30022A000 /* Info.plist */,
			);
			path = SimpleAppTests;
			sourceTree = "<group>";
		};
		84DBA7582580B0A30022A000 /* SimpleAppUITests */ = {
			isa = PBXGroup;
			children = (
				84DBA7592580B0A30022A000 /* SimpleAppUITests.swift */,
				84DBA75B2580B0A30022A000 /* Info.plist */,
			);
			path = SimpleAppUITests;
			sourceTree = "<group>";
		};
		84DBA7692580D6580022A000 /* Views */ = {
			isa = PBXGroup;
			children = (
				84DBA7802580EB4D0022A000 /* TableHeaders */,
				84DBA7772580E63A0022A000 /* TableCells */,
			);
			path = Views;
			sourceTree = "<group>";
		};
		84DBA76A2580D69B0022A000 /* Helpers */ = {
			isa = PBXGroup;
			children = (
				84DBA77C2580E9CD0022A000 /* Constants.swift */,
				84DBA7AF25810C020022A000 /* Icomoon.swift */,
				84C9EC6C258129350015005C /* Common.swift */,
				84B81DA1258202F600E4D16B /* PermissionManager.swift */,
				84B6A84B2582AE1E0047C8B0 /* QueryManager.swift */,
				84B6A857258376E50047C8B0 /* StorageManager.swift */,
			);
			path = Helpers;
			sourceTree = "<group>";
		};
		84DBA76B2580D69E0022A000 /* Extensions */ = {
			isa = PBXGroup;
			children = (
				84DBA7782580E94C0022A000 /* UITableView+Extensions.swift */,
				84DBA7912580EC990022A000 /* UILabel+Extension.swift */,
				84DBA7992580F13C0022A000 /* UIViewController+Extensions.swift */,
				84C9EC68258122CC0015005C /* Data+Extensions.swift */,
				84C9EC7925812F840015005C /* UIView+Extensions.swift */,
				84C9EC7D25812F900015005C /* UIButton+Extensions.swift */,
				844510C625817895009ECD1D /* UIImageView+Extensions.swift */,
			);
			path = Extensions;
			sourceTree = "<group>";
		};
		84DBA76C2580D6A10022A000 /* ViewModels */ = {
			isa = PBXGroup;
			children = (
			);
			path = ViewModels;
			sourceTree = "<group>";
		};
		84DBA76D2580D6A30022A000 /* Controllers */ = {
			isa = PBXGroup;
			children = (
				84DBA7952580F0C80022A000 /* ContainerController.swift */,
				84DBA76E2580D7220022A000 /* HomeController.swift */,
				84DBA7732580E0A60022A000 /* HomeController.xib */,
				84DBA7A12580F45B0022A000 /* DetailViewController.swift */,
				84DBA79D2580F44B0022A000 /* DetailViewController.xib */,
				84B6A85B2583EE2F0047C8B0 /* MenuViewController.swift */,
			);
			path = Controllers;
			sourceTree = "<group>";
		};
		84DBA7722580D80E0022A000 /* Model */ = {
			isa = PBXGroup;
			children = (
				844510B5258144C6009ECD1D /* Models */,
				84C9EC5B258111E50015005C /* Database.swift */,
				84B6A84F2582AF750047C8B0 /* OfflineLocations.swift */,
				84B6A8532582AFB80047C8B0 /* OfflineLocationProperties.swift */,
			);
			path = Model;
			sourceTree = "<group>";
		};
		84DBA7772580E63A0022A000 /* TableCells */ = {
			isa = PBXGroup;
			children = (
				84DBA78D2580EBD30022A000 /* SimpleTableCell.swift */,
				84DBA7892580EBB50022A000 /* SimpleTableCell.xib */,
				844510BE2581570C009ECD1D /* WeatherTableCell.swift */,
				844510C225815720009ECD1D /* WeatherTableCell.xib */,
			);
			path = TableCells;
			sourceTree = "<group>";
		};
		84DBA7802580EB4D0022A000 /* TableHeaders */ = {
			isa = PBXGroup;
			children = (
				84DBA7812580EB710022A000 /* SimpleHeader.swift */,
				84DBA7852580EB820022A000 /* SimpleHeader.xib */,
			);
			path = TableHeaders;
			sourceTree = "<group>";
		};
		84DBA7A525810A260022A000 /* Resources */ = {
			isa = PBXGroup;
			children = (
				84DBA7A625810A350022A000 /* FontResources */,
			);
			path = Resources;
			sourceTree = "<group>";
		};
		84DBA7A625810A350022A000 /* FontResources */ = {
			isa = PBXGroup;
			children = (
				84DBA7A725810A990022A000 /* icomoon.ttf */,
				84DBA7A825810A9A0022A000 /* selection.json */,
			);
			path = FontResources;
			sourceTree = "<group>";
		};
/* End PBXGroup section */

/* Begin PBXNativeTarget section */
		84DBA7322580B0A00022A000 /* SimpleApp */ = {
			isa = PBXNativeTarget;
			buildConfigurationList = 84DBA75E2580B0A30022A000 /* Build configuration list for PBXNativeTarget "SimpleApp" */;
			buildPhases = (
				10607F26026FA54D1C11AB65 /* [CP] Check Pods Manifest.lock */,
				84DBA72F2580B0A00022A000 /* Sources */,
				84DBA7302580B0A00022A000 /* Frameworks */,
				84DBA7312580B0A00022A000 /* Resources */,
				1B4B6B9F76456FA2EC0AA29F /* [CP] Embed Pods Frameworks */,
			);
			buildRules = (
			);
			dependencies = (
			);
			name = SimpleApp;
			productName = SimpleApp;
			productReference = 84DBA7332580B0A00022A000 /* Buzz Weather.app */;
			productType = "com.apple.product-type.application";
		};
		84DBA7492580B0A30022A000 /* SimpleAppTests */ = {
			isa = PBXNativeTarget;
			buildConfigurationList = 84DBA7612580B0A30022A000 /* Build configuration list for PBXNativeTarget "SimpleAppTests" */;
			buildPhases = (
				84DBA7462580B0A30022A000 /* Sources */,
				84DBA7472580B0A30022A000 /* Frameworks */,
				84DBA7482580B0A30022A000 /* Resources */,
			);
			buildRules = (
			);
			dependencies = (
				84DBA74C2580B0A30022A000 /* PBXTargetDependency */,
			);
			name = SimpleAppTests;
			productName = SimpleAppTests;
			productReference = 84DBA74A2580B0A30022A000 /* SimpleAppTests.xctest */;
			productType = "com.apple.product-type.bundle.unit-test";
		};
		84DBA7542580B0A30022A000 /* SimpleAppUITests */ = {
			isa = PBXNativeTarget;
			buildConfigurationList = 84DBA7642580B0A30022A000 /* Build configuration list for PBXNativeTarget "SimpleAppUITests" */;
			buildPhases = (
				84DBA7512580B0A30022A000 /* Sources */,
				84DBA7522580B0A30022A000 /* Frameworks */,
				84DBA7532580B0A30022A000 /* Resources */,
			);
			buildRules = (
			);
			dependencies = (
				84DBA7572580B0A30022A000 /* PBXTargetDependency */,
			);
			name = SimpleAppUITests;
			productName = SimpleAppUITests;
			productReference = 84DBA7552580B0A30022A000 /* SimpleAppUITests.xctest */;
			productType = "com.apple.product-type.bundle.ui-testing";
		};
/* End PBXNativeTarget section */

/* Begin PBXProject section */
		84DBA72B2580B0A00022A000 /* Project object */ = {
			isa = PBXProject;
			attributes = {
				LastSwiftUpdateCheck = 1010;
				LastUpgradeCheck = 1010;
				ORGANIZATIONNAME = Amssanjeevi;
				TargetAttributes = {
					84DBA7322580B0A00022A000 = {
						CreatedOnToolsVersion = 10.1;
					};
					84DBA7492580B0A30022A000 = {
						CreatedOnToolsVersion = 10.1;
						TestTargetID = 84DBA7322580B0A00022A000;
					};
					84DBA7542580B0A30022A000 = {
						CreatedOnToolsVersion = 10.1;
						TestTargetID = 84DBA7322580B0A00022A000;
					};
				};
			};
			buildConfigurationList = 84DBA72E2580B0A00022A000 /* Build configuration list for PBXProject "SimpleApp" */;
			compatibilityVersion = "Xcode 9.3";
			developmentRegion = en;
			hasScannedForEncodings = 0;
			knownRegions = (
				en,
				Base,
			);
			mainGroup = 84DBA72A2580B0A00022A000;
			productRefGroup = 84DBA7342580B0A00022A000 /* Products */;
			projectDirPath = "";
			projectRoot = "";
			targets = (
				84DBA7322580B0A00022A000 /* SimpleApp */,
				84DBA7492580B0A30022A000 /* SimpleAppTests */,
				84DBA7542580B0A30022A000 /* SimpleAppUITests */,
			);
		};
/* End PBXProject section */

/* Begin PBXResourcesBuildPhase section */
		84DBA7312580B0A00022A000 /* Resources */ = {
			isa = PBXResourcesBuildPhase;
			buildActionMask = 2147483647;
			files = (
				84DBA7742580E0A60022A000 /* HomeController.xib in Resources */,
				84DBA78A2580EBB50022A000 /* SimpleTableCell.xib in Resources */,
				84DBA79E2580F44B0022A000 /* DetailViewController.xib in Resources */,
				844510C325815720009ECD1D /* WeatherTableCell.xib in Resources */,
				84DBA7AC25810A9A0022A000 /* selection.json in Resources */,
				84DBA7A925810A9A0022A000 /* icomoon.ttf in Resources */,
				84DBA7442580B0A30022A000 /* LaunchScreen.storyboard in Resources */,
				84DBA7412580B0A30022A000 /* Assets.xcassets in Resources */,
				84DBA73C2580B0A00022A000 /* Main.storyboard in Resources */,
				84DBA7862580EB820022A000 /* SimpleHeader.xib in Resources */,
			);
			runOnlyForDeploymentPostprocessing = 0;
		};
		84DBA7482580B0A30022A000 /* Resources */ = {
			isa = PBXResourcesBuildPhase;
			buildActionMask = 2147483647;
			files = (
				84DBA7AD25810A9A0022A000 /* selection.json in Resources */,
				84DBA7AA25810A9A0022A000 /* icomoon.ttf in Resources */,
				84DBA7872580EB820022A000 /* SimpleHeader.xib in Resources */,
				84DBA78B2580EBB50022A000 /* SimpleTableCell.xib in Resources */,
				84DBA7752580E0A60022A000 /* HomeController.xib in Resources */,
				844510C425815720009ECD1D /* WeatherTableCell.xib in Resources */,
				84DBA79F2580F44B0022A000 /* DetailViewController.xib in Resources */,
			);
			runOnlyForDeploymentPostprocessing = 0;
		};
		84DBA7532580B0A30022A000 /* Resources */ = {
			isa = PBXResourcesBuildPhase;
			buildActionMask = 2147483647;
			files = (
				84DBA7AE25810A9A0022A000 /* selection.json in Resources */,
				84DBA7AB25810A9A0022A000 /* icomoon.ttf in Resources */,
				84DBA7882580EB820022A000 /* SimpleHeader.xib in Resources */,
				84DBA78C2580EBB50022A000 /* SimpleTableCell.xib in Resources */,
				84DBA7762580E0A60022A000 /* HomeController.xib in Resources */,
				844510C525815720009ECD1D /* WeatherTableCell.xib in Resources */,
				84DBA7A02580F44B0022A000 /* DetailViewController.xib in Resources */,
			);
			runOnlyForDeploymentPostprocessing = 0;
		};
/* End PBXResourcesBuildPhase section */

/* Begin PBXShellScriptBuildPhase section */
		10607F26026FA54D1C11AB65 /* [CP] Check Pods Manifest.lock */ = {
			isa = PBXShellScriptBuildPhase;
			buildActionMask = 2147483647;
			files = (
			);
			inputFileListPaths = (
			);
			inputPaths = (
				"${PODS_PODFILE_DIR_PATH}/Podfile.lock",
				"${PODS_ROOT}/Manifest.lock",
			);
			name = "[CP] Check Pods Manifest.lock";
			outputFileListPaths = (
			);
			outputPaths = (
				"$(DERIVED_FILE_DIR)/Pods-SimpleApp-checkManifestLockResult.txt",
			);
			runOnlyForDeploymentPostprocessing = 0;
			shellPath = /bin/sh;
			shellScript = "diff \"${PODS_PODFILE_DIR_PATH}/Podfile.lock\" \"${PODS_ROOT}/Manifest.lock\" > /dev/null\nif [ $? != 0 ] ; then\n    # print error to STDERR\n    echo \"error: The sandbox is not in sync with the Podfile.lock. Run 'pod install' or update your CocoaPods installation.\" >&2\n    exit 1\nfi\n# This output is used by Xcode 'outputs' to avoid re-running this script phase.\necho \"SUCCESS\" > \"${SCRIPT_OUTPUT_FILE_0}\"\n";
			showEnvVarsInLog = 0;
		};
		1B4B6B9F76456FA2EC0AA29F /* [CP] Embed Pods Frameworks */ = {
			isa = PBXShellScriptBuildPhase;
			buildActionMask = 2147483647;
			files = (
			);
			inputFileListPaths = (
				"${PODS_ROOT}/Target Support Files/Pods-SimpleApp/Pods-SimpleApp-frameworks-${CONFIGURATION}-input-files.xcfilelist",
			);
			name = "[CP] Embed Pods Frameworks";
			outputFileListPaths = (
				"${PODS_ROOT}/Target Support Files/Pods-SimpleApp/Pods-SimpleApp-frameworks-${CONFIGURATION}-output-files.xcfilelist",
			);
			runOnlyForDeploymentPostprocessing = 0;
			shellPath = /bin/sh;
			shellScript = "\"${PODS_ROOT}/Target Support Files/Pods-SimpleApp/Pods-SimpleApp-frameworks.sh\"\n";
			showEnvVarsInLog = 0;
		};
/* End PBXShellScriptBuildPhase section */

/* Begin PBXSourcesBuildPhase section */
		84DBA72F2580B0A00022A000 /* Sources */ = {
			isa = PBXSourcesBuildPhase;
			buildActionMask = 2147483647;
			files = (
				84C9EC7625812F3B0015005C /* Notifier.swift in Sources */,
				84C9EC7E25812F900015005C /* UIButton+Extensions.swift in Sources */,
				84C9EC6D258129350015005C /* Common.swift in Sources */,
				84C9EC7A25812F840015005C /* UIView+Extensions.swift in Sources */,
				84DBA7B025810C020022A000 /* Icomoon.swift in Sources */,
				84DBA7A22580F45B0022A000 /* DetailViewController.swift in Sources */,
				84DBA7922580EC990022A000 /* UILabel+Extension.swift in Sources */,
				84B6A85C2583EE2F0047C8B0 /* MenuViewController.swift in Sources */,
				84C9EC7125812EF60015005C /* ReachabilityManager.swift in Sources */,
				84B6A8502582AF750047C8B0 /* OfflineLocations.swift in Sources */,
				84DBA77D2580E9CD0022A000 /* Constants.swift in Sources */,
				84DBA79A2580F13C0022A000 /* UIViewController+Extensions.swift in Sources */,
				844510C725817895009ECD1D /* UIImageView+Extensions.swift in Sources */,
				84C9EC69258122CC0015005C /* Data+Extensions.swift in Sources */,
				84DBA7372580B0A00022A000 /* AppDelegate.swift in Sources */,
				84DBA73F2580B0A00022A000 /* SimpleApp.xcdatamodeld in Sources */,
				84B6A84C2582AE1E0047C8B0 /* QueryManager.swift in Sources */,
				84DBA76F2580D7220022A000 /* HomeController.swift in Sources */,
				84C9EC65258121E50015005C /* SessionManager.swift in Sources */,
				84B81DA2258202F600E4D16B /* PermissionManager.swift in Sources */,
				84DBA7822580EB710022A000 /* SimpleHeader.swift in Sources */,
				844510BB258144E8009ECD1D /* RecentSearches+CoreDataClass.swift in Sources */,
				844510BF2581570C009ECD1D /* WeatherTableCell.swift in Sources */,
				84DBA7792580E94C0022A000 /* UITableView+Extensions.swift in Sources */,
				84C9EC6125811EC60015005C /* NetworkManager.swift in Sources */,
				844510B8258144E8009ECD1D /* RecentSearches+CoreDataProperties.swift in Sources */,
				84DBA78E2580EBD30022A000 /* SimpleTableCell.swift in Sources */,
				84B6A8542582AFB80047C8B0 /* OfflineLocationProperties.swift in Sources */,
				84B6A858258376E50047C8B0 /* StorageManager.swift in Sources */,
				84C9EC5C258111E50015005C /* Database.swift in Sources */,
				84DBA7962580F0C80022A000 /* ContainerController.swift in Sources */,
			);
			runOnlyForDeploymentPostprocessing = 0;
		};
		84DBA7462580B0A30022A000 /* Sources */ = {
			isa = PBXSourcesBuildPhase;
			buildActionMask = 2147483647;
			files = (
				84C9EC6E258129350015005C /* Common.swift in Sources */,
				84C9EC7225812EF60015005C /* ReachabilityManager.swift in Sources */,
				8445109B258140B8009ECD1D /* SimpleApp.xcdatamodeld in Sources */,
				84DBA77A2580E94C0022A000 /* UITableView+Extensions.swift in Sources */,
				84DBA7702580D7220022A000 /* HomeController.swift in Sources */,
				84DBA74F2580B0A30022A000 /* SimpleAppTests.swift in Sources */,
				84C9EC6225811EC60015005C /* NetworkManager.swift in Sources */,
				84B6A85D2583EE2F0047C8B0 /* MenuViewController.swift in Sources */,
				84DBA7972580F0C80022A000 /* ContainerController.swift in Sources */,
				84B6A8512582AF750047C8B0 /* OfflineLocations.swift in Sources */,
				84C9EC7725812F3B0015005C /* Notifier.swift in Sources */,
				84DBA79B2580F13C0022A000 /* UIViewController+Extensions.swift in Sources */,
				844510C825817895009ECD1D /* UIImageView+Extensions.swift in Sources */,
				84C9EC66258121E50015005C /* SessionManager.swift in Sources */,
				84DBA7B125810C020022A000 /* Icomoon.swift in Sources */,
				84C9EC5D258111E50015005C /* Database.swift in Sources */,
				84B6A84D2582AE1E0047C8B0 /* QueryManager.swift in Sources */,
				84C9EC7B25812F840015005C /* UIView+Extensions.swift in Sources */,
				84C9EC7F25812F900015005C /* UIButton+Extensions.swift in Sources */,
				84B81DA3258202F600E4D16B /* PermissionManager.swift in Sources */,
				84C9EC6A258122CC0015005C /* Data+Extensions.swift in Sources */,
				844510BC258144E8009ECD1D /* RecentSearches+CoreDataClass.swift in Sources */,
				844510C02581570C009ECD1D /* WeatherTableCell.swift in Sources */,
				84DBA7932580EC990022A000 /* UILabel+Extension.swift in Sources */,
				84DBA7832580EB710022A000 /* SimpleHeader.swift in Sources */,
				844510B9258144E8009ECD1D /* RecentSearches+CoreDataProperties.swift in Sources */,
				84DBA7A32580F45B0022A000 /* DetailViewController.swift in Sources */,
				84B6A8552582AFB80047C8B0 /* OfflineLocationProperties.swift in Sources */,
				84B6A859258376E50047C8B0 /* StorageManager.swift in Sources */,
				84DBA78F2580EBD30022A000 /* SimpleTableCell.swift in Sources */,
				84DBA77E2580E9CD0022A000 /* Constants.swift in Sources */,
			);
			runOnlyForDeploymentPostprocessing = 0;
		};
		84DBA7512580B0A30022A000 /* Sources */ = {
			isa = PBXSourcesBuildPhase;
			buildActionMask = 2147483647;
			files = (
				84C9EC6F258129350015005C /* Common.swift in Sources */,
				84C9EC7325812EF60015005C /* ReachabilityManager.swift in Sources */,
				8445109C258140B9009ECD1D /* SimpleApp.xcdatamodeld in Sources */,
				84DBA77B2580E94C0022A000 /* UITableView+Extensions.swift in Sources */,
				84DBA7712580D7220022A000 /* HomeController.swift in Sources */,
				84DBA75A2580B0A30022A000 /* SimpleAppUITests.swift in Sources */,
				84C9EC6325811EC60015005C /* NetworkManager.swift in Sources */,
				84B6A85E2583EE2F0047C8B0 /* MenuViewController.swift in Sources */,
				84DBA7982580F0C80022A000 /* ContainerController.swift in Sources */,
				84B6A8522582AF750047C8B0 /* OfflineLocations.swift in Sources */,
				84C9EC7825812F3B0015005C /* Notifier.swift in Sources */,
				84DBA79C2580F13C0022A000 /* UIViewController+Extensions.swift in Sources */,
				844510C925817895009ECD1D /* UIImageView+Extensions.swift in Sources */,
				84C9EC67258121E50015005C /* SessionManager.swift in Sources */,
				84DBA7B225810C020022A000 /* Icomoon.swift in Sources */,
				84C9EC5E258111E50015005C /* Database.swift in Sources */,
				84B6A84E2582AE1E0047C8B0 /* QueryManager.swift in Sources */,
				84C9EC7C25812F840015005C /* UIView+Extensions.swift in Sources */,
				84C9EC8025812F900015005C /* UIButton+Extensions.swift in Sources */,
				84B81DA4258202F600E4D16B /* PermissionManager.swift in Sources */,
				84C9EC6B258122CC0015005C /* Data+Extensions.swift in Sources */,
				844510BD258144E8009ECD1D /* RecentSearches+CoreDataClass.swift in Sources */,
				844510C12581570C009ECD1D /* WeatherTableCell.swift in Sources */,
				84DBA7942580EC990022A000 /* UILabel+Extension.swift in Sources */,
				84DBA7842580EB710022A000 /* SimpleHeader.swift in Sources */,
				844510BA258144E8009ECD1D /* RecentSearches+CoreDataProperties.swift in Sources */,
				84DBA7A42580F45B0022A000 /* DetailViewController.swift in Sources */,
				84B6A8562582AFB80047C8B0 /* OfflineLocationProperties.swift in Sources */,
				84B6A85A258376E50047C8B0 /* StorageManager.swift in Sources */,
				84DBA7902580EBD30022A000 /* SimpleTableCell.swift in Sources */,
				84DBA77F2580E9CD0022A000 /* Constants.swift in Sources */,
			);
			runOnlyForDeploymentPostprocessing = 0;
		};
/* End PBXSourcesBuildPhase section */

/* Begin PBXTargetDependency section */
		84DBA74C2580B0A30022A000 /* PBXTargetDependency */ = {
			isa = PBXTargetDependency;
			target = 84DBA7322580B0A00022A000 /* SimpleApp */;
			targetProxy = 84DBA74B2580B0A30022A000 /* PBXContainerItemProxy */;
		};
		84DBA7572580B0A30022A000 /* PBXTargetDependency */ = {
			isa = PBXTargetDependency;
			target = 84DBA7322580B0A00022A000 /* SimpleApp */;
			targetProxy = 84DBA7562580B0A30022A000 /* PBXContainerItemProxy */;
		};
/* End PBXTargetDependency section */

/* Begin PBXVariantGroup section */
		84DBA73A2580B0A00022A000 /* Main.storyboard */ = {
			isa = PBXVariantGroup;
			children = (
				84DBA73B2580B0A00022A000 /* Base */,
			);
			name = Main.storyboard;
			sourceTree = "<group>";
		};
		84DBA7422580B0A30022A000 /* LaunchScreen.storyboard */ = {
			isa = PBXVariantGroup;
			children = (
				84DBA7432580B0A30022A000 /* Base */,
				84DBA7682580D0BD0022A000 /* en */,
			);
			name = LaunchScreen.storyboard;
			sourceTree = "<group>";
		};
/* End PBXVariantGroup section */

/* Begin XCBuildConfiguration section */
		84DBA75C2580B0A30022A000 /* Debug */ = {
			isa = XCBuildConfiguration;
			buildSettings = {
				ALWAYS_SEARCH_USER_PATHS = NO;
				CLANG_ANALYZER_NONNULL = YES;
				CLANG_ANALYZER_NUMBER_OBJECT_CONVERSION = YES_AGGRESSIVE;
				CLANG_CXX_LANGUAGE_STANDARD = "gnu++14";
				CLANG_CXX_LIBRARY = "libc++";
				CLANG_ENABLE_MODULES = YES;
				CLANG_ENABLE_OBJC_ARC = YES;
				CLANG_ENABLE_OBJC_WEAK = YES;
				CLANG_WARN_BLOCK_CAPTURE_AUTORELEASING = YES;
				CLANG_WARN_BOOL_CONVERSION = YES;
				CLANG_WARN_COMMA = YES;
				CLANG_WARN_CONSTANT_CONVERSION = YES;
				CLANG_WARN_DEPRECATED_OBJC_IMPLEMENTATIONS = YES;
				CLANG_WARN_DIRECT_OBJC_ISA_USAGE = YES_ERROR;
				CLANG_WARN_DOCUMENTATION_COMMENTS = YES;
				CLANG_WARN_EMPTY_BODY = YES;
				CLANG_WARN_ENUM_CONVERSION = YES;
				CLANG_WARN_INFINITE_RECURSION = YES;
				CLANG_WARN_INT_CONVERSION = YES;
				CLANG_WARN_NON_LITERAL_NULL_CONVERSION = YES;
				CLANG_WARN_OBJC_IMPLICIT_RETAIN_SELF = YES;
				CLANG_WARN_OBJC_LITERAL_CONVERSION = YES;
				CLANG_WARN_OBJC_ROOT_CLASS = YES_ERROR;
				CLANG_WARN_RANGE_LOOP_ANALYSIS = YES;
				CLANG_WARN_STRICT_PROTOTYPES = YES;
				CLANG_WARN_SUSPICIOUS_MOVE = YES;
				CLANG_WARN_UNGUARDED_AVAILABILITY = YES_AGGRESSIVE;
				CLANG_WARN_UNREACHABLE_CODE = YES;
				CLANG_WARN__DUPLICATE_METHOD_MATCH = YES;
				CODE_SIGN_IDENTITY = "iPhone Developer";
				COPY_PHASE_STRIP = NO;
				DEBUG_INFORMATION_FORMAT = dwarf;
				ENABLE_STRICT_OBJC_MSGSEND = YES;
				ENABLE_TESTABILITY = YES;
				GCC_C_LANGUAGE_STANDARD = gnu11;
				GCC_DYNAMIC_NO_PIC = NO;
				GCC_NO_COMMON_BLOCKS = YES;
				GCC_OPTIMIZATION_LEVEL = 0;
				GCC_PREPROCESSOR_DEFINITIONS = (
					"DEBUG=1",
					"$(inherited)",
				);
				GCC_WARN_64_TO_32_BIT_CONVERSION = YES;
				GCC_WARN_ABOUT_RETURN_TYPE = YES_ERROR;
				GCC_WARN_UNDECLARED_SELECTOR = YES;
				GCC_WARN_UNINITIALIZED_AUTOS = YES_AGGRESSIVE;
				GCC_WARN_UNUSED_FUNCTION = YES;
				GCC_WARN_UNUSED_VARIABLE = YES;
				IPHONEOS_DEPLOYMENT_TARGET = 12.1;
				MTL_ENABLE_DEBUG_INFO = INCLUDE_SOURCE;
				MTL_FAST_MATH = YES;
				ONLY_ACTIVE_ARCH = YES;
				SDKROOT = iphoneos;
				SWIFT_ACTIVE_COMPILATION_CONDITIONS = DEBUG;
				SWIFT_OPTIMIZATION_LEVEL = "-Onone";
			};
			name = Debug;
		};
		84DBA75D2580B0A30022A000 /* Release */ = {
			isa = XCBuildConfiguration;
			buildSettings = {
				ALWAYS_SEARCH_USER_PATHS = NO;
				CLANG_ANALYZER_NONNULL = YES;
				CLANG_ANALYZER_NUMBER_OBJECT_CONVERSION = YES_AGGRESSIVE;
				CLANG_CXX_LANGUAGE_STANDARD = "gnu++14";
				CLANG_CXX_LIBRARY = "libc++";
				CLANG_ENABLE_MODULES = YES;
				CLANG_ENABLE_OBJC_ARC = YES;
				CLANG_ENABLE_OBJC_WEAK = YES;
				CLANG_WARN_BLOCK_CAPTURE_AUTORELEASING = YES;
				CLANG_WARN_BOOL_CONVERSION = YES;
				CLANG_WARN_COMMA = YES;
				CLANG_WARN_CONSTANT_CONVERSION = YES;
				CLANG_WARN_DEPRECATED_OBJC_IMPLEMENTATIONS = YES;
				CLANG_WARN_DIRECT_OBJC_ISA_USAGE = YES_ERROR;
				CLANG_WARN_DOCUMENTATION_COMMENTS = YES;
				CLANG_WARN_EMPTY_BODY = YES;
				CLANG_WARN_ENUM_CONVERSION = YES;
				CLANG_WARN_INFINITE_RECURSION = YES;
				CLANG_WARN_INT_CONVERSION = YES;
				CLANG_WARN_NON_LITERAL_NULL_CONVERSION = YES;
				CLANG_WARN_OBJC_IMPLICIT_RETAIN_SELF = YES;
				CLANG_WARN_OBJC_LITERAL_CONVERSION = YES;
				CLANG_WARN_OBJC_ROOT_CLASS = YES_ERROR;
				CLANG_WARN_RANGE_LOOP_ANALYSIS = YES;
				CLANG_WARN_STRICT_PROTOTYPES = YES;
				CLANG_WARN_SUSPICIOUS_MOVE = YES;
				CLANG_WARN_UNGUARDED_AVAILABILITY = YES_AGGRESSIVE;
				CLANG_WARN_UNREACHABLE_CODE = YES;
				CLANG_WARN__DUPLICATE_METHOD_MATCH = YES;
				CODE_SIGN_IDENTITY = "iPhone Developer";
				COPY_PHASE_STRIP = NO;
				DEBUG_INFORMATION_FORMAT = "dwarf-with-dsym";
				ENABLE_NS_ASSERTIONS = NO;
				ENABLE_STRICT_OBJC_MSGSEND = YES;
				GCC_C_LANGUAGE_STANDARD = gnu11;
				GCC_NO_COMMON_BLOCKS = YES;
				GCC_WARN_64_TO_32_BIT_CONVERSION = YES;
				GCC_WARN_ABOUT_RETURN_TYPE = YES_ERROR;
				GCC_WARN_UNDECLARED_SELECTOR = YES;
				GCC_WARN_UNINITIALIZED_AUTOS = YES_AGGRESSIVE;
				GCC_WARN_UNUSED_FUNCTION = YES;
				GCC_WARN_UNUSED_VARIABLE = YES;
				IPHONEOS_DEPLOYMENT_TARGET = 12.1;
				MTL_ENABLE_DEBUG_INFO = NO;
				MTL_FAST_MATH = YES;
				SDKROOT = iphoneos;
				SWIFT_COMPILATION_MODE = wholemodule;
				SWIFT_OPTIMIZATION_LEVEL = "-O";
				VALIDATE_PRODUCT = YES;
			};
			name = Release;
		};
		84DBA75F2580B0A30022A000 /* Debug */ = {
			isa = XCBuildConfiguration;
			baseConfigurationReference = 48E03F2C9CA03362E6A5FF2B /* Pods-SimpleApp.debug.xcconfig */;
			buildSettings = {
				ASSETCATALOG_COMPILER_APPICON_NAME = AppIcon;
				CODE_SIGN_STYLE = Automatic;
				DEVELOPMENT_TEAM = FFFP7656X3;
				INFOPLIST_FILE = SimpleApp/Info.plist;
				IPHONEOS_DEPLOYMENT_TARGET = 11.0;
				LD_RUNPATH_SEARCH_PATHS = (
					"$(inherited)",
					"@executable_path/Frameworks",
				);
				PRODUCT_BUNDLE_IDENTIFIER = com.task.newsbuzz.SimpleApp;
				PRODUCT_NAME = "Buzz Weather";
				SWIFT_VERSION = 4.2;
				TARGETED_DEVICE_FAMILY = "1,2";
			};
			name = Debug;
		};
		84DBA7602580B0A30022A000 /* Release */ = {
			isa = XCBuildConfiguration;
			baseConfigurationReference = 0CB50935CE0AC92644FE63EF /* Pods-SimpleApp.release.xcconfig */;
			buildSettings = {
				ASSETCATALOG_COMPILER_APPICON_NAME = AppIcon;
				CODE_SIGN_STYLE = Automatic;
				DEVELOPMENT_TEAM = FFFP7656X3;
				INFOPLIST_FILE = SimpleApp/Info.plist;
				IPHONEOS_DEPLOYMENT_TARGET = 11.0;
				LD_RUNPATH_SEARCH_PATHS = (
					"$(inherited)",
					"@executable_path/Frameworks",
				);
				PRODUCT_BUNDLE_IDENTIFIER = com.task.newsbuzz.SimpleApp;
				PRODUCT_NAME = "Buzz Weather";
				SWIFT_VERSION = 4.2;
				TARGETED_DEVICE_FAMILY = "1,2";
			};
			name = Release;
		};
		84DBA7622580B0A30022A000 /* Debug */ = {
			isa = XCBuildConfiguration;
			buildSettings = {
				ALWAYS_EMBED_SWIFT_STANDARD_LIBRARIES = YES;
				BUNDLE_LOADER = "$(TEST_HOST)";
				CODE_SIGN_STYLE = Automatic;
				DEVELOPMENT_TEAM = FFFP7656X3;
				INFOPLIST_FILE = SimpleAppTests/Info.plist;
				LD_RUNPATH_SEARCH_PATHS = (
					"$(inherited)",
					"@executable_path/Frameworks",
					"@loader_path/Frameworks",
				);
				PRODUCT_BUNDLE_IDENTIFIER = com.task.newsbuzz.SimpleAppTests;
				PRODUCT_NAME = "$(TARGET_NAME)";
				SWIFT_VERSION = 4.2;
				TARGETED_DEVICE_FAMILY = "1,2";
				TEST_HOST = "$(BUILT_PRODUCTS_DIR)/SimpleApp.app/SimpleApp";
			};
			name = Debug;
		};
		84DBA7632580B0A30022A000 /* Release */ = {
			isa = XCBuildConfiguration;
			buildSettings = {
				ALWAYS_EMBED_SWIFT_STANDARD_LIBRARIES = YES;
				BUNDLE_LOADER = "$(TEST_HOST)";
				CODE_SIGN_STYLE = Automatic;
				DEVELOPMENT_TEAM = FFFP7656X3;
				INFOPLIST_FILE = SimpleAppTests/Info.plist;
				LD_RUNPATH_SEARCH_PATHS = (
					"$(inherited)",
					"@executable_path/Frameworks",
					"@loader_path/Frameworks",
				);
				PRODUCT_BUNDLE_IDENTIFIER = com.task.newsbuzz.SimpleAppTests;
				PRODUCT_NAME = "$(TARGET_NAME)";
				SWIFT_VERSION = 4.2;
				TARGETED_DEVICE_FAMILY = "1,2";
				TEST_HOST = "$(BUILT_PRODUCTS_DIR)/SimpleApp.app/SimpleApp";
			};
			name = Release;
		};
		84DBA7652580B0A30022A000 /* Debug */ = {
			isa = XCBuildConfiguration;
			buildSettings = {
				ALWAYS_EMBED_SWIFT_STANDARD_LIBRARIES = YES;
				CODE_SIGN_STYLE = Automatic;
				DEVELOPMENT_TEAM = FFFP7656X3;
				INFOPLIST_FILE = SimpleAppUITests/Info.plist;
				LD_RUNPATH_SEARCH_PATHS = (
					"$(inherited)",
					"@executable_path/Frameworks",
					"@loader_path/Frameworks",
				);
				PRODUCT_BUNDLE_IDENTIFIER = com.task.newsbuzz.SimpleAppUITests;
				PRODUCT_NAME = "$(TARGET_NAME)";
				SWIFT_VERSION = 4.2;
				TARGETED_DEVICE_FAMILY = "1,2";
				TEST_TARGET_NAME = SimpleApp;
			};
			name = Debug;
		};
		84DBA7662580B0A30022A000 /* Release */ = {
			isa = XCBuildConfiguration;
			buildSettings = {
				ALWAYS_EMBED_SWIFT_STANDARD_LIBRARIES = YES;
				CODE_SIGN_STYLE = Automatic;
				DEVELOPMENT_TEAM = FFFP7656X3;
				INFOPLIST_FILE = SimpleAppUITests/Info.plist;
				LD_RUNPATH_SEARCH_PATHS = (
					"$(inherited)",
					"@executable_path/Frameworks",
					"@loader_path/Frameworks",
				);
				PRODUCT_BUNDLE_IDENTIFIER = com.task.newsbuzz.SimpleAppUITests;
				PRODUCT_NAME = "$(TARGET_NAME)";
				SWIFT_VERSION = 4.2;
				TARGETED_DEVICE_FAMILY = "1,2";
				TEST_TARGET_NAME = SimpleApp;
			};
			name = Release;
		};
/* End XCBuildConfiguration section */

/* Begin XCConfigurationList section */
		84DBA72E2580B0A00022A000 /* Build configuration list for PBXProject "SimpleApp" */ = {
			isa = XCConfigurationList;
			buildConfigurations = (
				84DBA75C2580B0A30022A000 /* Debug */,
				84DBA75D2580B0A30022A000 /* Release */,
			);
			defaultConfigurationIsVisible = 0;
			defaultConfigurationName = Release;
		};
		84DBA75E2580B0A30022A000 /* Build configuration list for PBXNativeTarget "SimpleApp" */ = {
			isa = XCConfigurationList;
			buildConfigurations = (
				84DBA75F2580B0A30022A000 /* Debug */,
				84DBA7602580B0A30022A000 /* Release */,
			);
			defaultConfigurationIsVisible = 0;
			defaultConfigurationName = Release;
		};
		84DBA7612580B0A30022A000 /* Build configuration list for PBXNativeTarget "SimpleAppTests" */ = {
			isa = XCConfigurationList;
			buildConfigurations = (
				84DBA7622580B0A30022A000 /* Debug */,
				84DBA7632580B0A30022A000 /* Release */,
			);
			defaultConfigurationIsVisible = 0;
			defaultConfigurationName = Release;
		};
		84DBA7642580B0A30022A000 /* Build configuration list for PBXNativeTarget "SimpleAppUITests" */ = {
			isa = XCConfigurationList;
			buildConfigurations = (
				84DBA7652580B0A30022A000 /* Debug */,
				84DBA7662580B0A30022A000 /* Release */,
			);
			defaultConfigurationIsVisible = 0;
			defaultConfigurationName = Release;
		};
/* End XCConfigurationList section */

/* Begin XCVersionGroup section */
		84DBA73D2580B0A00022A000 /* SimpleApp.xcdatamodeld */ = {
			isa = XCVersionGroup;
			children = (
				84DBA73E2580B0A00022A000 /* SimpleApp.xcdatamodel */,
			);
			currentVersion = 84DBA73E2580B0A00022A000 /* SimpleApp.xcdatamodel */;
			path = SimpleApp.xcdatamodeld;
			sourceTree = "<group>";
			versionGroupType = wrapper.xcdatamodel;
		};
/* End XCVersionGroup section */
	};
	rootObject = 84DBA72B2580B0A00022A000 /* Project object */;
}
